Terraform used the selected providers to generate the following execution plan. Resource actions are indicated with the following symbols:
  + create

Terraform will perform the following actions:

  # aws_alb.alb will be created
  + resource "aws_alb" "alb" {
      + arn                        = (known after apply)
      + arn_suffix                 = (known after apply)
      + desync_mitigation_mode     = "defensive"
      + dns_name                   = (known after apply)
      + drop_invalid_header_fields = false
      + enable_deletion_protection = false
      + enable_http2               = true
      + enable_waf_fail_open       = false
      + id                         = (known after apply)
      + idle_timeout               = 60
      + internal                   = (known after apply)
      + ip_address_type            = (known after apply)
      + load_balancer_type         = "application"
      + name                       = "alpha-alb"
      + security_groups            = (known after apply)
      + subnets                    = (known after apply)
      + tags                       = {
          + "Name" = "alpha-alb"
        }
      + tags_all                   = {
          + "Name" = "alpha-alb"
        }
      + vpc_id                     = (known after apply)
      + zone_id                    = (known after apply)

      + subnet_mapping {
          + allocation_id        = (known after apply)
          + ipv6_address         = (known after apply)
          + outpost_id           = (known after apply)
          + private_ipv4_address = (known after apply)
          + subnet_id            = (known after apply)
        }
    }

  # aws_autoscaling_group.web will be created
  + resource "aws_autoscaling_group" "web" {
      + arn                       = (known after apply)
      + availability_zones        = (known after apply)
      + default_cooldown          = (known after apply)
      + desired_capacity          = 1
      + enabled_metrics           = [
          + "GroupDesiredCapacity",
          + "GroupInServiceInstances",
          + "GroupMaxSize",
          + "GroupMinSize",
          + "GroupTotalInstances",
        ]
      + force_delete              = false
      + force_delete_warm_pool    = false
      + health_check_grace_period = 300
      + health_check_type         = "ELB"
      + id                        = (known after apply)
      + launch_configuration      = (known after apply)
      + load_balancers            = (known after apply)
      + max_size                  = 2
      + metrics_granularity       = "1Minute"
      + min_size                  = 1
      + name                      = (known after apply)
      + name_prefix               = (known after apply)
      + protect_from_scale_in     = false
      + service_linked_role_arn   = (known after apply)
      + vpc_zone_identifier       = (known after apply)
      + wait_for_capacity_timeout = "10m"

      + tag {
          + key                 = "Name"
          + propagate_at_launch = true
          + value               = "web"
        }
    }

  # aws_autoscaling_policy.web_policy_down will be created
  + resource "aws_autoscaling_policy" "web_policy_down" {
      + adjustment_type         = "ChangeInCapacity"
      + arn                     = (known after apply)
      + autoscaling_group_name  = (known after apply)
      + cooldown                = 300
      + id                      = (known after apply)
      + metric_aggregation_type = (known after apply)
      + name                    = "web_policy_down"
      + policy_type             = "SimpleScaling"
      + scaling_adjustment      = -1
    }

  # aws_autoscaling_policy.web_policy_up will be created
  + resource "aws_autoscaling_policy" "web_policy_up" {
      + adjustment_type         = "ChangeInCapacity"
      + arn                     = (known after apply)
      + autoscaling_group_name  = (known after apply)
      + cooldown                = 300
      + id                      = (known after apply)
      + metric_aggregation_type = (known after apply)
      + name                    = "web_policy_up"
      + policy_type             = "SimpleScaling"
      + scaling_adjustment      = 1
    }

  # aws_cloudwatch_metric_alarm.web_cpu_alarm_down will be created
  + resource "aws_cloudwatch_metric_alarm" "web_cpu_alarm_down" {
      + actions_enabled                       = true
      + alarm_actions                         = (known after apply)
      + alarm_description                     = "This metric monitor EC2 instance CPU utilization"
      + alarm_name                            = "web_cpu_alarm_down"
      + arn                                   = (known after apply)
      + comparison_operator                   = "LessThanOrEqualToThreshold"
      + dimensions                            = (known after apply)
      + evaluate_low_sample_count_percentiles = (known after apply)
      + evaluation_periods                    = 2
      + id                                    = (known after apply)
      + metric_name                           = "CPUUtilization"
      + namespace                             = "AWS/EC2"
      + period                                = 120
      + statistic                             = "Average"
      + tags_all                              = (known after apply)
      + threshold                             = 65
      + treat_missing_data                    = "missing"
    }

  # aws_cloudwatch_metric_alarm.web_cpu_alarm_up will be created
  + resource "aws_cloudwatch_metric_alarm" "web_cpu_alarm_up" {
      + actions_enabled                       = true
      + alarm_actions                         = (known after apply)
      + alarm_description                     = "This metric monitor EC2 instance CPU utilization"
      + alarm_name                            = "web_cpu_alarm_up"
      + arn                                   = (known after apply)
      + comparison_operator                   = "GreaterThanOrEqualToThreshold"
      + dimensions                            = (known after apply)
      + evaluate_low_sample_count_percentiles = (known after apply)
      + evaluation_periods                    = 2
      + id                                    = (known after apply)
      + metric_name                           = "CPUUtilization"
      + namespace                             = "AWS/EC2"
      + period                                = 120
      + statistic                             = "Average"
      + tags_all                              = (known after apply)
      + threshold                             = 65
      + treat_missing_data                    = "missing"
    }

  # aws_eip.alpha will be created
  + resource "aws_eip" "alpha" {
      + allocation_id             = (known after apply)
      + associate_with_private_ip = "10.0.1.50"
      + association_id            = (known after apply)
      + carrier_ip                = (known after apply)
      + customer_owned_ip         = (known after apply)
      + domain                    = (known after apply)
      + id                        = (known after apply)
      + instance                  = (known after apply)
      + network_border_group      = (known after apply)
      + network_interface         = (known after apply)
      + private_dns               = (known after apply)
      + private_ip                = (known after apply)
      + public_dns                = (known after apply)
      + public_ip                 = (known after apply)
      + public_ipv4_pool          = (known after apply)
      + tags_all                  = (known after apply)
      + vpc                       = true
    }

  # aws_instance.web-server-instance will be created
  + resource "aws_instance" "web-server-instance" {
      + ami                                  = "ami-055147723b7bca09a"
      + arn                                  = (known after apply)
      + associate_public_ip_address          = (known after apply)
      + availability_zone                    = "ap-southeast-1a"
      + cpu_core_count                       = (known after apply)
      + cpu_threads_per_core                 = (known after apply)
      + disable_api_termination              = (known after apply)
      + ebs_optimized                        = (known after apply)
      + get_password_data                    = false
      + host_id                              = (known after apply)
      + id                                   = (known after apply)
      + instance_initiated_shutdown_behavior = (known after apply)
      + instance_state                       = (known after apply)
      + instance_type                        = "t2.micro"
      + ipv6_address_count                   = (known after apply)
      + ipv6_addresses                       = (known after apply)
      + key_name                             = "alpha"
      + monitoring                           = (known after apply)
      + outpost_arn                          = (known after apply)
      + password_data                        = (known after apply)
      + placement_group                      = (known after apply)
      + placement_partition_number           = (known after apply)
      + primary_network_interface_id         = (known after apply)
      + private_dns                          = (known after apply)
      + private_ip                           = (known after apply)
      + public_dns                           = (known after apply)
      + public_ip                            = (known after apply)
      + secondary_private_ips                = (known after apply)
      + security_groups                      = (known after apply)
      + subnet_id                            = (known after apply)
      + tags                                 = {
          + "Name" = "alpha-server"
        }
      + tags_all                             = {
          + "Name" = "alpha-server"
        }
      + tenancy                              = (known after apply)
      + user_data                            = "2eb87469b9b7fcc6a1df4c4e306247bee87c1184"
      + user_data_base64                     = (known after apply)
      + vpc_security_group_ids               = (known after apply)

      + capacity_reservation_specification {
          + capacity_reservation_preference = (known after apply)

          + capacity_reservation_target {
              + capacity_reservation_id = (known after apply)
            }
        }

      + ebs_block_device {
          + delete_on_termination = (known after apply)
          + device_name           = (known after apply)
          + encrypted             = (known after apply)
          + iops                  = (known after apply)
          + kms_key_id            = (known after apply)
          + snapshot_id           = (known after apply)
          + tags                  = (known after apply)
          + throughput            = (known after apply)
          + volume_id             = (known after apply)
          + volume_size           = (known after apply)
          + volume_type           = (known after apply)
        }

      + enclave_options {
          + enabled = (known after apply)
        }

      + ephemeral_block_device {
          + device_name  = (known after apply)
          + no_device    = (known after apply)
          + virtual_name = (known after apply)
        }

      + metadata_options {
          + http_endpoint               = (known after apply)
          + http_put_response_hop_limit = (known after apply)
          + http_tokens                 = (known after apply)
          + instance_metadata_tags      = (known after apply)
        }

      + network_interface {
          + delete_on_termination = false
          + device_index          = 0
          + network_interface_id  = (known after apply)
        }

      + root_block_device {
          + delete_on_termination = (known after apply)
          + device_name           = (known after apply)
          + encrypted             = (known after apply)
          + iops                  = (known after apply)
          + kms_key_id            = (known after apply)
          + tags                  = (known after apply)
          + throughput            = (known after apply)
          + volume_id             = (known after apply)
          + volume_size           = (known after apply)
          + volume_type           = (known after apply)
        }
    }

  # aws_internet_gateway.gw will be created
  + resource "aws_internet_gateway" "gw" {
      + arn      = (known after apply)
      + id       = (known after apply)
      + owner_id = (known after apply)
      + tags_all = (known after apply)
      + vpc_id   = (known after apply)
    }

  # aws_launch_configuration.web-server-instance will be created
  + resource "aws_launch_configuration" "web-server-instance" {
      + arn                         = (known after apply)
      + associate_public_ip_address = true
      + ebs_optimized               = (known after apply)
      + enable_monitoring           = true
      + id                          = (known after apply)
      + image_id                    = "ami-055147723b7bca09a"
      + instance_type               = "t2.micro"
      + key_name                    = "alpha"
      + name                        = (known after apply)
      + name_prefix                 = (known after apply)
      + security_groups             = (known after apply)
      + user_data                   = "2eb87469b9b7fcc6a1df4c4e306247bee87c1184"

      + ebs_block_device {
          + delete_on_termination = (known after apply)
          + device_name           = (known after apply)
          + encrypted             = (known after apply)
          + iops                  = (known after apply)
          + no_device             = (known after apply)
          + snapshot_id           = (known after apply)
          + throughput            = (known after apply)
          + volume_size           = (known after apply)
          + volume_type           = (known after apply)
        }

      + metadata_options {
          + http_endpoint               = (known after apply)
          + http_put_response_hop_limit = (known after apply)
          + http_tokens                 = (known after apply)
        }

      + root_block_device {
          + delete_on_termination = (known after apply)
          + encrypted             = (known after apply)
          + iops                  = (known after apply)
          + throughput            = (known after apply)
          + volume_size           = (known after apply)
          + volume_type           = (known after apply)
        }
    }

  # aws_network_interface.web-server-nic will be created
  + resource "aws_network_interface" "web-server-nic" {
      + arn                       = (known after apply)
      + id                        = (known after apply)
      + interface_type            = (known after apply)
      + ipv4_prefix_count         = (known after apply)
      + ipv4_prefixes             = (known after apply)
      + ipv6_address_count        = (known after apply)
      + ipv6_address_list         = (known after apply)
      + ipv6_address_list_enabled = false
      + ipv6_addresses            = (known after apply)
      + ipv6_prefix_count         = (known after apply)
      + ipv6_prefixes             = (known after apply)
      + mac_address               = (known after apply)
      + outpost_arn               = (known after apply)
      + owner_id                  = (known after apply)
      + private_dns_name          = (known after apply)
      + private_ip                = (known after apply)
      + private_ip_list           = (known after apply)
      + private_ip_list_enabled   = false
      + private_ips               = [
          + "10.0.1.50",
        ]
      + private_ips_count         = (known after apply)
      + security_groups           = (known after apply)
      + source_dest_check         = true
      + subnet_id                 = (known after apply)
      + tags_all                  = (known after apply)

      + attachment {
          + attachment_id = (known after apply)
          + device_index  = (known after apply)
          + instance      = (known after apply)
        }
    }

  # aws_route_table.alpha-route-table will be created
  + resource "aws_route_table" "alpha-route-table" {
      + arn              = (known after apply)
      + id               = (known after apply)
      + owner_id         = (known after apply)
      + propagating_vgws = (known after apply)
      + route            = [
          + {
              + carrier_gateway_id         = ""
              + cidr_block                 = ""
              + destination_prefix_list_id = ""
              + egress_only_gateway_id     = ""
              + gateway_id                 = (known after apply)
              + instance_id                = ""
              + ipv6_cidr_block            = "::/0"
              + local_gateway_id           = ""
              + nat_gateway_id             = ""
              + network_interface_id       = ""
              + transit_gateway_id         = ""
              + vpc_endpoint_id            = ""
              + vpc_peering_connection_id  = ""
            },
          + {
              + carrier_gateway_id         = ""
              + cidr_block                 = "0.0.0.0/0"
              + destination_prefix_list_id = ""
              + egress_only_gateway_id     = ""
              + gateway_id                 = (known after apply)
              + instance_id                = ""
              + ipv6_cidr_block            = ""
              + local_gateway_id           = ""
              + nat_gateway_id             = ""
              + network_interface_id       = ""
              + transit_gateway_id         = ""
              + vpc_endpoint_id            = ""
              + vpc_peering_connection_id  = ""
            },
        ]
      + tags             = {
          + "Name" = "Alpha"
        }
      + tags_all         = {
          + "Name" = "Alpha"
        }
      + vpc_id           = (known after apply)
    }

  # aws_route_table_association.a will be created
  + resource "aws_route_table_association" "a" {
      + id             = (known after apply)
      + route_table_id = (known after apply)
      + subnet_id      = (known after apply)
    }

  # aws_security_group.allow_web will be created
  + resource "aws_security_group" "allow_web" {
      + arn                    = (known after apply)
      + description            = "Allow Web inbound traffic"
      + egress                 = [
          + {
              + cidr_blocks      = [
                  + "0.0.0.0/0",
                ]
              + description      = ""
              + from_port        = 0
              + ipv6_cidr_blocks = []
              + prefix_list_ids  = []
              + protocol         = "-1"
              + security_groups  = []
              + self             = false
              + to_port          = 0
            },
        ]
      + id                     = (known after apply)
      + ingress                = [
          + {
              + cidr_blocks      = [
                  + "0.0.0.0/0",
                ]
              + description      = ""
              + from_port        = 443
              + ipv6_cidr_blocks = []
              + prefix_list_ids  = []
              + protocol         = "tcp"
              + security_groups  = []
              + self             = false
              + to_port          = 443
            },
          + {
              + cidr_blocks      = [
                  + "0.0.0.0/0",
                ]
              + description      = "HTTP"
              + from_port        = 80
              + ipv6_cidr_blocks = []
              + prefix_list_ids  = []
              + protocol         = "tcp"
              + security_groups  = []
              + self             = false
              + to_port          = 80
            },
          + {
              + cidr_blocks      = [
                  + "0.0.0.0/0",
                ]
              + description      = "SSH"
              + from_port        = 22
              + ipv6_cidr_blocks = []
              + prefix_list_ids  = []
              + protocol         = "tcp"
              + security_groups  = []
              + self             = false
              + to_port          = 22
            },
        ]
      + name                   = "allow_web_traffic"
      + name_prefix            = (known after apply)
      + owner_id               = (known after apply)
      + revoke_rules_on_delete = false
      + tags                   = {
          + "Name" = "alpha-sg"
        }
      + tags_all               = {
          + "Name" = "alpha-sg"
        }
      + vpc_id                 = (known after apply)
    }

  # aws_subnet.alpha-subnet will be created
  + resource "aws_subnet" "alpha-subnet" {
      + arn                                            = (known after apply)
      + assign_ipv6_address_on_creation                = false
      + availability_zone                              = "ap-southeast-1a"
      + availability_zone_id                           = (known after apply)
      + cidr_block                                     = "10.0.1.0/24"
      + enable_dns64                                   = false
      + enable_resource_name_dns_a_record_on_launch    = false
      + enable_resource_name_dns_aaaa_record_on_launch = false
      + id                                             = (known after apply)
      + ipv6_cidr_block_association_id                 = (known after apply)
      + ipv6_native                                    = false
      + map_public_ip_on_launch                        = false
      + owner_id                                       = (known after apply)
      + private_dns_hostname_type_on_launch            = (known after apply)
      + tags                                           = {
          + "Name" = "Alpha"
        }
      + tags_all                                       = {
          + "Name" = "Alpha"
        }
      + vpc_id                                         = (known after apply)
    }

  # aws_vpc.alpha-vpc will be created
  + resource "aws_vpc" "alpha-vpc" {
      + arn                                  = (known after apply)
      + cidr_block                           = "10.0.0.0/16"
      + default_network_acl_id               = (known after apply)
      + default_route_table_id               = (known after apply)
      + default_security_group_id            = (known after apply)
      + dhcp_options_id                      = (known after apply)
      + enable_classiclink                   = (known after apply)
      + enable_classiclink_dns_support       = (known after apply)
      + enable_dns_hostnames                 = (known after apply)
      + enable_dns_support                   = true
      + id                                   = (known after apply)
      + instance_tenancy                     = "default"
      + ipv6_association_id                  = (known after apply)
      + ipv6_cidr_block                      = (known after apply)
      + ipv6_cidr_block_network_border_group = (known after apply)
      + main_route_table_id                  = (known after apply)
      + owner_id                             = (known after apply)
      + tags                                 = {
          + "Name" = "Alpha"
        }
      + tags_all                             = {
          + "Name" = "Alpha"
        }
    }

Plan: 16 to add, 0 to change, 0 to destroy.
